PODS:
  - Flutter (1.0.0)
  - local_image_provider (0.0.1):
    - Flutter

DEPENDENCIES:
  - Flutter (from `Flutter`)
  - local_image_provider (from `.symlinks/plugins/local_image_provider/ios`)

EXTERNAL SOURCES:
  Flutter:
    :path: Flutter
  local_image_provider:
    :path: ".symlinks/plugins/local_image_provider/ios"

SPEC CHECKSUMS:
  Flutter: 0e3d915762c693b495b44d77113d4970485de6ec
  local_image_provider: 05b1af32561482c0ca5a440fbc7f489ad818c962

PODFILE CHECKSUM: c34e2287a9ccaa606aeceab922830efb9a6ff69a

COCOAPODS: 1.8.3
