PODS:
  - Flutter (1.0.0)
  - local_image_provider (0.0.1):
    - Flutter

DEPENDENCIES:
  - Flutter (from `Flutter`)
  - local_image_provider (from `.symlinks/plugins/local_image_provider/ios`)

EXTERNAL SOURCES:
  Flutter:
    :path: Flutter
  local_image_provider:
    :path: ".symlinks/plugins/local_image_provider/ios"

SPEC CHECKSUMS:
  Flutter: 0e3d915762c693b495b44d77113d4970485de6ec
  local_image_provider: cf979b81bc1cacc81867d3511a1b6b7216411e93

PODFILE CHECKSUM: 1b66dae606f75376c5f2135a8290850eeb09ae83

COCOAPODS: 1.8.3
